
Microsoft Visual Studio Solution File, Format Version 12.00
Project("{FAE04EC0-301F-11D3-BF4B-00C04F79EFBC}") = "TestLibrary", "TestLibrary\TestLibrary.csproj", "{FD108ECE-DC0D-4690-AD52-A522221613CB}"
EndProject
Global
	GlobalSection(SolutionConfigurationPlatforms) = preSolution
		Debug|Any CPU = Debug|Any CPU
		Release|Any CPU = Release|Any CPU
	EndGlobalSection
	GlobalSection(ProjectConfigurationPlatforms) = postSolution
		{FD108ECE-DC0D-4690-AD52-A522221613CB}.Debug|Any CPU.ActiveCfg = Debug|Any CPU
		{FD108ECE-DC0D-4690-AD52-A522221613CB}.Debug|Any CPU.Build.0 = Debug|Any CPU
		{FD108ECE-DC0D-4690-AD52-A522221613CB}.Release|Any CPU.ActiveCfg = Release|Any CPU
		{FD108ECE-DC0D-4690-AD52-A522221613CB}.Release|Any CPU.Build.0 = Release|Any CPU
	EndGlobalSection
EndGlobal
